
Microsoft Visual Studio Solution File, Format Version 12.00
# Visual Studio 14
VisualStudioVersion = 14.0.24720.0
MinimumVisualStudioVersion = 10.0.40219.1
Project("{D954291E-2A0B-460D-934E-DC6B0785DB48}") = "Chromatik.ToolBox", "Chromatik.ToolBox\Chromatik.ToolBox.shproj", "{01CD2CC5-0985-46E7-B029-5C3BB2315B70}"
EndProject
Project("{FAE04EC0-301F-11D3-BF4B-00C04F79EFBC}") = "Test", "Test\Test.csproj", "{22FD5684-B516-49F3-8F99-3C13F16719D5}"
EndProject
Project("{D954291E-2A0B-460D-934E-DC6B0785DB48}") = "Chromatik.LibNoise", "Chromatik.LibNoise\Chromatik.LibNoise.shproj", "{7701FD2D-6C9E-4A06-BAA3-B214D0F82EAF}"
EndProject
Project("{D954291E-2A0B-460D-934E-DC6B0785DB48}") = "Chromatik.LibNoise.Internal", "Chromatik.LibNoise.Internal\Chromatik.LibNoise.Internal.shproj", "{B77F072E-132E-4C18-8294-E0B498761C4C}"
EndProject
Project("{FAE04EC0-301F-11D3-BF4B-00C04F79EFBC}") = "ChromatikTool", "ChromatikTool\ChromatikTool.csproj", "{9465D1FE-3461-4000-9E2A-AE7EC3201341}"
EndProject
Project("{D954291E-2A0B-460D-934E-DC6B0785DB48}") = "Chromatik.RAmen", "Chromatik.RAmen\Chromatik.RAmen.shproj", "{381AAAA2-6761-4711-82BF-2D3932F34C92}"
EndProject
Project("{FAE04EC0-301F-11D3-BF4B-00C04F79EFBC}") = "ChromatikTool.SQLite", "ChromatikTool.SQLite\ChromatikTool.SQLite.csproj", "{FE1C7A74-F021-409C-8088-58EEDB019AEE}"
EndProject
Project("{FAE04EC0-301F-11D3-BF4B-00C04F79EFBC}") = "ChromatikTool.Zip", "ChromatikTool.Zip\ChromatikTool.Zip.csproj", "{DBA531CD-A16A-427F-A6E4-08FE13AC221F}"
EndProject
Project("{FAE04EC0-301F-11D3-BF4B-00C04F79EFBC}") = "ChromatikTool.Svg", "ChromatikTool.Svg\ChromatikTool.Svg.csproj", "{ABDF6E43-AD08-43A2-B214-E781D1646D7A}"
EndProject
Project("{FAE04EC0-301F-11D3-BF4B-00C04F79EFBC}") = "ChromatikTool.SlimDX", "ChromatikTool.SlimDX\ChromatikTool.SlimDX.csproj", "{0F2E3477-C4CD-461C-B4EC-F52284137954}"
EndProject
Project("{FAE04EC0-301F-11D3-BF4B-00C04F79EFBC}") = "ChromatikTool.NewtonsoftJson", "ChromatikTool.NewtonsoftJson\ChromatikTool.NewtonsoftJson.csproj", "{E8DDC67C-B738-40A4-B75B-AB115E51D516}"
EndProject
Project("{D954291E-2A0B-460D-934E-DC6B0785DB48}") = "Chromatik.Machine", "Chromatik.Machine\Chromatik.Machine.shproj", "{91DF0AAD-8FB3-4E9A-8540-EB9560CA7EBF}"
EndProject
Project("{FAE04EC0-301F-11D3-BF4B-00C04F79EFBC}") = "ChromatikTool.Sequence", "ChromatikTool.Sequence\ChromatikTool.Sequence.csproj", "{BDF68260-58BB-4C05-897E-BD8ECDC26CFB}"
EndProject
Global
	GlobalSection(SharedMSBuildProjectFiles) = preSolution
		Chromatik.LibNoise\Chromatik.Noise.projitems*{7701fd2d-6c9e-4a06-baa3-b214d0f82eaf}*SharedItemsImports = 13
		Chromatik.Machine\Chromatik.Enigma.projitems*{91df0aad-8fb3-4e9a-8540-eb9560ca7ebf}*SharedItemsImports = 13
		Chromatik.LibNoise.Internal\Chromatik.Noise.Internal.projitems*{b77f072e-132e-4c18-8294-e0b498761c4c}*SharedItemsImports = 13
		Chromatik.ToolBox\Chromatik.ToolBox.projitems*{01cd2cc5-0985-46e7-b029-5c3bb2315b70}*SharedItemsImports = 13
		Chromatik.RAmen\Chromatik.RAmen.projitems*{381aaaa2-6761-4711-82bf-2d3932f34c92}*SharedItemsImports = 13
	EndGlobalSection
	GlobalSection(SolutionConfigurationPlatforms) = preSolution
		Debug|Any CPU = Debug|Any CPU
		Release|Any CPU = Release|Any CPU
	EndGlobalSection
	GlobalSection(ProjectConfigurationPlatforms) = postSolution
		{22FD5684-B516-49F3-8F99-3C13F16719D5}.Debug|Any CPU.ActiveCfg = Debug|Any CPU
		{22FD5684-B516-49F3-8F99-3C13F16719D5}.Debug|Any CPU.Build.0 = Debug|Any CPU
		{22FD5684-B516-49F3-8F99-3C13F16719D5}.Release|Any CPU.ActiveCfg = Release|Any CPU
		{22FD5684-B516-49F3-8F99-3C13F16719D5}.Release|Any CPU.Build.0 = Release|Any CPU
		{9465D1FE-3461-4000-9E2A-AE7EC3201341}.Debug|Any CPU.ActiveCfg = Debug|Any CPU
		{9465D1FE-3461-4000-9E2A-AE7EC3201341}.Debug|Any CPU.Build.0 = Debug|Any CPU
		{9465D1FE-3461-4000-9E2A-AE7EC3201341}.Release|Any CPU.ActiveCfg = Release|Any CPU
		{9465D1FE-3461-4000-9E2A-AE7EC3201341}.Release|Any CPU.Build.0 = Release|Any CPU
		{FE1C7A74-F021-409C-8088-58EEDB019AEE}.Debug|Any CPU.ActiveCfg = Debug|Any CPU
		{FE1C7A74-F021-409C-8088-58EEDB019AEE}.Debug|Any CPU.Build.0 = Debug|Any CPU
		{FE1C7A74-F021-409C-8088-58EEDB019AEE}.Release|Any CPU.ActiveCfg = Release|Any CPU
		{FE1C7A74-F021-409C-8088-58EEDB019AEE}.Release|Any CPU.Build.0 = Release|Any CPU
		{DBA531CD-A16A-427F-A6E4-08FE13AC221F}.Debug|Any CPU.ActiveCfg = Debug|Any CPU
		{DBA531CD-A16A-427F-A6E4-08FE13AC221F}.Debug|Any CPU.Build.0 = Debug|Any CPU
		{DBA531CD-A16A-427F-A6E4-08FE13AC221F}.Release|Any CPU.ActiveCfg = Release|Any CPU
		{DBA531CD-A16A-427F-A6E4-08FE13AC221F}.Release|Any CPU.Build.0 = Release|Any CPU
		{ABDF6E43-AD08-43A2-B214-E781D1646D7A}.Debug|Any CPU.ActiveCfg = Debug|Any CPU
		{ABDF6E43-AD08-43A2-B214-E781D1646D7A}.Debug|Any CPU.Build.0 = Debug|Any CPU
		{ABDF6E43-AD08-43A2-B214-E781D1646D7A}.Release|Any CPU.ActiveCfg = Release|Any CPU
		{ABDF6E43-AD08-43A2-B214-E781D1646D7A}.Release|Any CPU.Build.0 = Release|Any CPU
		{0F2E3477-C4CD-461C-B4EC-F52284137954}.Debug|Any CPU.ActiveCfg = Debug|Any CPU
		{0F2E3477-C4CD-461C-B4EC-F52284137954}.Debug|Any CPU.Build.0 = Debug|Any CPU
		{0F2E3477-C4CD-461C-B4EC-F52284137954}.Release|Any CPU.ActiveCfg = Release|Any CPU
		{0F2E3477-C4CD-461C-B4EC-F52284137954}.Release|Any CPU.Build.0 = Release|Any CPU
		{E8DDC67C-B738-40A4-B75B-AB115E51D516}.Debug|Any CPU.ActiveCfg = Debug|Any CPU
		{E8DDC67C-B738-40A4-B75B-AB115E51D516}.Debug|Any CPU.Build.0 = Debug|Any CPU
		{E8DDC67C-B738-40A4-B75B-AB115E51D516}.Release|Any CPU.ActiveCfg = Release|Any CPU
		{E8DDC67C-B738-40A4-B75B-AB115E51D516}.Release|Any CPU.Build.0 = Release|Any CPU
		{BDF68260-58BB-4C05-897E-BD8ECDC26CFB}.Debug|Any CPU.ActiveCfg = Debug|Any CPU
		{BDF68260-58BB-4C05-897E-BD8ECDC26CFB}.Debug|Any CPU.Build.0 = Debug|Any CPU
		{BDF68260-58BB-4C05-897E-BD8ECDC26CFB}.Release|Any CPU.ActiveCfg = Release|Any CPU
		{BDF68260-58BB-4C05-897E-BD8ECDC26CFB}.Release|Any CPU.Build.0 = Release|Any CPU
	EndGlobalSection
	GlobalSection(SolutionProperties) = preSolution
		HideSolutionNode = FALSE
	EndGlobalSection
EndGlobal
